<?xml version="1.0" encoding="utf-8"?>
<Project ToolsVersion="4.0" xmlns="http://schemas.microsoft.com/developer/msbuild/2003">
  <ItemGroup>
    <Filter Include="Source Files">
      <UniqueIdentifier>{4FC737F1-C7A5-4376-A066-2A32D752A2FF}</UniqueIdentifier>
      <Extensions>cpp;c;cc;cxx;c++;cppm;ixx;def;odl;idl;hpj;bat;asm;asmx</Extensions>
    </Filter>
    <Filter Include="CSDK">
      <UniqueIdentifier>{65b2490c-37fb-4c9a-9694-8e2855849264}</UniqueIdentifier>
    </Filter>
    <Filter Include="HLSDK">
      <UniqueIdentifier>{4e9d55bc-0fdc-4695-b9eb-da9378fab323}</UniqueIdentifier>
    </Filter>
  </ItemGroup>
  <ItemGroup>
    <ClCompile Include="Enforcer.cpp">
      <Filter>Source Files</Filter>
    </ClCompile>
    <ClCompile Include="..\Source\CSDK\CRC64.ixx">
      <Filter>Source Files</Filter>
    </ClCompile>
    <ClCompile Include="Enforcer.ixx">
      <Filter>Source Files</Filter>
    </ClCompile>
    <ClCompile Include="..\Source\AirSupport\Resources.cpp">
      <Filter>Source Files</Filter>
    </ClCompile>
    <ClCompile Include="..\Source\AirSupport\Resources.ixx">
      <Filter>Source Files</Filter>
    </ClCompile>
    <ClCompile Include="..\Source\CSDK\Sprite.ixx">
      <Filter>CSDK</Filter>
    </ClCompile>
    <ClCompile Include="..\Source\CSDK\Wave.ixx">
      <Filter>CSDK</Filter>
    </ClCompile>
    <ClCompile Include="..\Source\AirSupport\Localization.ixx">
      <Filter>Source Files</Filter>
    </ClCompile>
    <ClCompile Include="..\..\metamod-p\hlsdk\dlls\hlsdk.sv.ixx">
      <Filter>HLSDK</Filter>
    </ClCompile>
    <ClCompile Include="..\..\metamod-p\hlsdk\dlls\hlsdk.sv.util.ixx">
      <Filter>HLSDK</Filter>
    </ClCompile>
    <ClCompile Include="..\..\metamod-p\hlsdk\engine\hlsdk.customentity.ixx">
      <Filter>HLSDK</Filter>
    </ClCompile>
    <ClCompile Include="..\..\metamod-p\hlsdk\engine\hlsdk.engine.ixx">
      <Filter>HLSDK</Filter>
    </ClCompile>
    <ClCompile Include="..\..\metamod-p\hlsdk\dlls\vector.ixx">
      <Filter>HLSDK</Filter>
    </ClCompile>
    <ClCompile Include="..\..\metamod-p\hlsdk\hlsdk.ixx">
      <Filter>HLSDK</Filter>
    </ClCompile>
    <ClCompile Include="..\..\metamod-p\hlsdk\engine\hlsdk.decompiled.ixx">
      <Filter>HLSDK</Filter>
    </ClCompile>
  </ItemGroup>
  <ItemGroup>
    <ClInclude Include="..\..\metamod-p\hlsdk\dlls\hlsdk.sv.hpp">
      <Filter>HLSDK</Filter>
    </ClInclude>
    <ClInclude Include="..\..\metamod-p\hlsdk\dlls\hlsdk.sv.util.hpp">
      <Filter>HLSDK</Filter>
    </ClInclude>
    <ClInclude Include="..\..\metamod-p\hlsdk\engine\hlsdk.customentity.hpp">
      <Filter>HLSDK</Filter>
    </ClInclude>
    <ClInclude Include="..\..\metamod-p\hlsdk\engine\hlsdk.engine.hpp">
      <Filter>HLSDK</Filter>
    </ClInclude>
    <ClInclude Include="..\..\metamod-p\hlsdk\dlls\vector.hpp">
      <Filter>HLSDK</Filter>
    </ClInclude>
  </ItemGroup>
</Project>