<?xml version="1.0" encoding="utf-8"?>
<Project ToolsVersion="4.0" xmlns="http://schemas.microsoft.com/developer/msbuild/2003">
  <ItemGroup>
    <Filter Include="Source">
      <UniqueIdentifier>{4FC737F1-C7A5-4376-A066-2A32D752A2FF}</UniqueIdentifier>
      <Extensions>cpp;c;cc;cxx;c++;cppm;ixx;def;odl;idl;hpj;bat;asm;asmx</Extensions>
    </Filter>
    <Filter Include="Hydrogenium">
      <UniqueIdentifier>{cde88cbb-84a6-414c-8a81-3f9deb9a5e8d}</UniqueIdentifier>
    </Filter>
    <Filter Include="MetaMod">
      <UniqueIdentifier>{f063fd23-245a-4deb-a437-4a04339fd9df}</UniqueIdentifier>
    </Filter>
    <Filter Include="Source\AirSupport">
      <UniqueIdentifier>{064c0d49-4f18-4aa2-8383-578fc4c21963}</UniqueIdentifier>
    </Filter>
    <Filter Include="Source\CSDK">
      <UniqueIdentifier>{65756158-87ab-47bc-b3f3-0ea944cdfb8e}</UniqueIdentifier>
    </Filter>
    <Filter Include="Source\PlayerItem">
      <UniqueIdentifier>{4168c237-40bb-40d2-8ca4-6ddc3096ffa7}</UniqueIdentifier>
    </Filter>
    <Filter Include="HLSDK">
      <UniqueIdentifier>{d3b7eb97-6fa0-432b-82b4-5e2053d37259}</UniqueIdentifier>
    </Filter>
  </ItemGroup>
  <ItemGroup>
    <ClCompile Include="..\Hydrogenium\UtlHook.ixx">
      <Filter>Hydrogenium</Filter>
    </ClCompile>
    <ClCompile Include="..\Hydrogenium\UtlConcepts.ixx">
      <Filter>Hydrogenium</Filter>
    </ClCompile>
    <ClCompile Include="..\Hydrogenium\UtlRandom.ixx">
      <Filter>Hydrogenium</Filter>
    </ClCompile>
    <ClCompile Include="Source\CSDK\Beam.ixx">
      <Filter>Source\CSDK</Filter>
    </ClCompile>
    <ClCompile Include="Source\CSDK\CBase.ixx">
      <Filter>Source\CSDK</Filter>
    </ClCompile>
    <ClCompile Include="Source\CSDK\Math.ixx">
      <Filter>Source\CSDK</Filter>
    </ClCompile>
    <ClCompile Include="Source\CSDK\GameRules.ixx">
      <Filter>Source\CSDK</Filter>
    </ClCompile>
    <ClCompile Include="Source\CSDK\Message.ixx">
      <Filter>Source\CSDK</Filter>
    </ClCompile>
    <ClCompile Include="Source\CSDK\Prefab.ixx">
      <Filter>Source\CSDK</Filter>
    </ClCompile>
    <ClCompile Include="Source\CSDK\Query.ixx">
      <Filter>Source\CSDK</Filter>
    </ClCompile>
    <ClCompile Include="Source\CSDK\Task.ixx">
      <Filter>Source\CSDK</Filter>
    </ClCompile>
    <ClCompile Include="Source\AirSupport\ClientCommand.cpp">
      <Filter>Source\AirSupport</Filter>
    </ClCompile>
    <ClCompile Include="Source\AirSupport\Effects.cpp">
      <Filter>Source\AirSupport</Filter>
    </ClCompile>
    <ClCompile Include="Source\AirSupport\Effects.ixx">
      <Filter>Source\AirSupport</Filter>
    </ClCompile>
    <ClCompile Include="Source\AirSupport\Explosion.cpp">
      <Filter>Source\AirSupport</Filter>
    </ClCompile>
    <ClCompile Include="Source\AirSupport\Hook.cpp">
      <Filter>Source\AirSupport</Filter>
    </ClCompile>
    <ClCompile Include="Source\AirSupport\Hook.ixx">
      <Filter>Source\AirSupport</Filter>
    </ClCompile>
    <ClCompile Include="Source\AirSupport\Jet.cpp">
      <Filter>Source\AirSupport</Filter>
    </ClCompile>
    <ClCompile Include="Source\AirSupport\Jet.ixx">
      <Filter>Source\AirSupport</Filter>
    </ClCompile>
    <ClCompile Include="Source\AirSupport\Localization.ixx">
      <Filter>Source\AirSupport</Filter>
    </ClCompile>
    <ClCompile Include="Source\AirSupport\Projectile.cpp">
      <Filter>Source\AirSupport</Filter>
    </ClCompile>
    <ClCompile Include="Source\AirSupport\Projectile.ixx">
      <Filter>Source\AirSupport</Filter>
    </ClCompile>
    <ClCompile Include="Source\AirSupport\Plugin.cpp">
      <Filter>Source\AirSupport</Filter>
    </ClCompile>
    <ClCompile Include="Source\AirSupport\Plugin.ixx">
      <Filter>Source\AirSupport</Filter>
    </ClCompile>
    <ClCompile Include="Source\AirSupport\Resources.cpp">
      <Filter>Source\AirSupport</Filter>
    </ClCompile>
    <ClCompile Include="Source\AirSupport\Resources.ixx">
      <Filter>Source\AirSupport</Filter>
    </ClCompile>
    <ClCompile Include="Source\AirSupport\Round.cpp">
      <Filter>Source\AirSupport</Filter>
    </ClCompile>
    <ClCompile Include="Source\AirSupport\Round.ixx">
      <Filter>Source\AirSupport</Filter>
    </ClCompile>
    <ClCompile Include="Source\AirSupport\Target.cpp">
      <Filter>Source\AirSupport</Filter>
    </ClCompile>
    <ClCompile Include="Source\AirSupport\Target.ixx">
      <Filter>Source\AirSupport</Filter>
    </ClCompile>
    <ClCompile Include="Source\AirSupport\Waypoint.cpp">
      <Filter>Source\AirSupport</Filter>
    </ClCompile>
    <ClCompile Include="Source\AirSupport\Waypoint.ixx">
      <Filter>Source\AirSupport</Filter>
    </ClCompile>
    <ClCompile Include="Source\AirSupport\Weapon.cpp">
      <Filter>Source\AirSupport</Filter>
    </ClCompile>
    <ClCompile Include="Source\AirSupport\Weapon.ixx">
      <Filter>Source\AirSupport</Filter>
    </ClCompile>
    <ClCompile Include="Source\AirSupport\Menu.ixx">
      <Filter>Source\AirSupport</Filter>
    </ClCompile>
    <ClCompile Include="Source\AirSupport\Menu.cpp">
      <Filter>Source\AirSupport</Filter>
    </ClCompile>
    <ClCompile Include="Source\CSDK\Platform.ixx">
      <Filter>Source\CSDK</Filter>
    </ClCompile>
    <ClCompile Include="Source\CSDK\CRC64.ixx">
      <Filter>Source\CSDK</Filter>
    </ClCompile>
    <ClCompile Include="Source\CSDK\FileSystem.ixx">
      <Filter>Source\CSDK</Filter>
    </ClCompile>
    <ClCompile Include="Source\CSDK\Engine.ixx">
      <Filter>Source\CSDK</Filter>
    </ClCompile>
    <ClCompile Include="Source\CSDK\Sprite.ixx">
      <Filter>Source\CSDK</Filter>
    </ClCompile>
    <ClCompile Include="Source\CSDK\Wave.ixx">
      <Filter>Source\CSDK</Filter>
    </ClCompile>
    <ClCompile Include="Source\AirSupport\Resources.Const.ixx">
      <Filter>Source\AirSupport</Filter>
    </ClCompile>
    <ClCompile Include="Source\CSDK\Ray.ixx">
      <Filter>Source\CSDK</Filter>
    </ClCompile>
    <ClCompile Include="Source\AirSupport\DamageOverTime.ixx">
      <Filter>Source\AirSupport</Filter>
    </ClCompile>
    <ClCompile Include="Source\AirSupport\DamageOverTime.cpp">
      <Filter>Source\AirSupport</Filter>
    </ClCompile>
    <ClCompile Include="Source\AirSupport\Task.Const.ixx">
      <Filter>Source\AirSupport</Filter>
    </ClCompile>
    <ClCompile Include="Source\CSDK\VTFH.ixx">
      <Filter>Source\CSDK</Filter>
    </ClCompile>
    <ClCompile Include="Source\CSDK\ZBot.ixx">
      <Filter>Source\CSDK</Filter>
    </ClCompile>
    <ClCompile Include="Source\CSDK\ConditionZero.ixx">
      <Filter>Source\CSDK</Filter>
    </ClCompile>
    <ClCompile Include="Source\CSDK\Uranus.Functions.ixx">
      <Filter>Source\CSDK</Filter>
    </ClCompile>
    <ClCompile Include="Source\CSDK\Uranus.ixx">
      <Filter>Source\CSDK</Filter>
    </ClCompile>
    <ClCompile Include="PlayerItem\PlayerItem.ixx">
      <Filter>Source\PlayerItem</Filter>
    </ClCompile>
    <ClCompile Include="Source\CSDK\ConsoleVar.ixx">
      <Filter>Source\CSDK</Filter>
    </ClCompile>
    <ClCompile Include="Source\CSDK\Models.ixx">
      <Filter>Source\CSDK</Filter>
    </ClCompile>
    <ClCompile Include="..\metamod-p\metamod\metamod_api.ixx">
      <Filter>MetaMod</Filter>
    </ClCompile>
    <ClCompile Include="..\metamod-p\hlsdk\dlls\hlsdk.sv.ixx">
      <Filter>HLSDK</Filter>
    </ClCompile>
    <ClCompile Include="..\metamod-p\hlsdk\dlls\hlsdk.sv.util.ixx">
      <Filter>HLSDK</Filter>
    </ClCompile>
    <ClCompile Include="..\metamod-p\hlsdk\engine\hlsdk.customentity.ixx">
      <Filter>HLSDK</Filter>
    </ClCompile>
    <ClCompile Include="..\metamod-p\hlsdk\engine\hlsdk.engine.ixx">
      <Filter>HLSDK</Filter>
    </ClCompile>
    <ClCompile Include="..\metamod-p\hlsdk\dlls\vector.ixx">
      <Filter>HLSDK</Filter>
    </ClCompile>
    <ClCompile Include="..\metamod-p\hlsdk\hlsdk.ixx">
      <Filter>HLSDK</Filter>
    </ClCompile>
    <ClCompile Include="..\metamod-p\hlsdk\engine\hlsdk.decompiled.ixx">
      <Filter>HLSDK</Filter>
    </ClCompile>
    <ClCompile Include="Source\AirSupport\WinAPI.ixx">
      <Filter>Source\AirSupport</Filter>
    </ClCompile>
  </ItemGroup>
  <ItemGroup>
    <ClInclude Include="..\metamod-p\metamod\metamod_api.hpp">
      <Filter>MetaMod</Filter>
    </ClInclude>
    <ClInclude Include="..\metamod-p\hlsdk\dlls\hlsdk.sv.hpp">
      <Filter>HLSDK</Filter>
    </ClInclude>
    <ClInclude Include="..\metamod-p\hlsdk\dlls\hlsdk.sv.util.hpp">
      <Filter>HLSDK</Filter>
    </ClInclude>
    <ClInclude Include="..\metamod-p\hlsdk\engine\hlsdk.customentity.hpp">
      <Filter>HLSDK</Filter>
    </ClInclude>
    <ClInclude Include="..\metamod-p\hlsdk\engine\hlsdk.engine.hpp">
      <Filter>HLSDK</Filter>
    </ClInclude>
    <ClInclude Include="..\metamod-p\hlsdk\dlls\vector.hpp">
      <Filter>HLSDK</Filter>
    </ClInclude>
  </ItemGroup>
</Project>