<?xml version="1.0" encoding="utf-8"?>
<Project ToolsVersion="4.0" xmlns="http://schemas.microsoft.com/developer/msbuild/2003">
  <ItemGroup>
    <Filter Include="Source">
      <UniqueIdentifier>{f11dfc27-6d93-4d9a-bbb0-0793db3da4a9}</UniqueIdentifier>
    </Filter>
  </ItemGroup>
  <ItemGroup>
    <ClCompile Include="..\Source\AirSupport\Resources.cpp">
      <Filter>Source</Filter>
    </ClCompile>
    <ClCompile Include="..\Source\AirSupport\Resources.ixx">
      <Filter>Source</Filter>
    </ClCompile>
    <ClCompile Include="Transpiler.cpp">
      <Filter>Source</Filter>
    </ClCompile>
    <ClCompile Include="Transpiler.ixx">
      <Filter>Source</Filter>
    </ClCompile>
  </ItemGroup>
  <ItemGroup>
    <None Include="export.def" />
  </ItemGroup>
</Project>